
Microsoft Visual Studio Solution File, Format Version 12.00
# Visual Studio Version 16
VisualStudioVersion = 16.0.31402.337
MinimumVisualStudioVersion = 10.0.40219.1
Project("{FAE04EC0-301F-11D3-BF4B-00C04F79EFBC}") = "ClipConverter", "ClipConverter\ClipConverter.csproj", "{0545466B-436E-44A0-B8AE-71C78B05FDA3}"
EndProject
Global
	GlobalSection(SolutionConfigurationPlatforms) = preSolution
		Debug|Any CPU = Debug|Any CPU
		Release|Any CPU = Release|Any CPU
	EndGlobalSection
	GlobalSection(ProjectConfigurationPlatforms) = postSolution
		{0545466B-436E-44A0-B8AE-71C78B05FDA3}.Debug|Any CPU.ActiveCfg = Debug|Any CPU
		{0545466B-436E-44A0-B8AE-71C78B05FDA3}.Debug|Any CPU.Build.0 = Debug|Any CPU
		{0545466B-436E-44A0-B8AE-71C78B05FDA3}.Release|Any CPU.ActiveCfg = Release|Any CPU
		{0545466B-436E-44A0-B8AE-71C78B05FDA3}.Release|Any CPU.Build.0 = Release|Any CPU
	EndGlobalSection
	GlobalSection(SolutionProperties) = preSolution
		HideSolutionNode = FALSE
	EndGlobalSection
	GlobalSection(ExtensibilityGlobals) = postSolution
		SolutionGuid = {9D0D65C5-547B-4E6D-A1AF-2585E2916E01}
	EndGlobalSection
EndGlobal
